
Microsoft Visual Studio Solution File, Format Version 12.00
# Visual Studio Version 16
VisualStudioVersion = 16.0.31205.134
MinimumVisualStudioVersion = 10.0.40219.1
Project("{FAE04EC0-301F-11D3-BF4B-00C04F79EFBC}") = "KuCrc", "KuCrc\KuCrc.csproj", "{6BB11794-937B-473E-9E3A-DBBEE05ABD9E}"
EndProject
Project("{FAE04EC0-301F-11D3-BF4B-00C04F79EFBC}") = "KuCrcTests", "KuCrcTests\KuCrcTests.csproj", "{E4D530FC-2482-4013-B9E3-191E94CEB6E7}"
EndProject
Global
	GlobalSection(SolutionConfigurationPlatforms) = preSolution
		Debug|Any CPU = Debug|Any CPU
		Release|Any CPU = Release|Any CPU
	EndGlobalSection
	GlobalSection(ProjectConfigurationPlatforms) = postSolution
		{6BB11794-937B-473E-9E3A-DBBEE05ABD9E}.Debug|Any CPU.ActiveCfg = Debug|Any CPU
		{6BB11794-937B-473E-9E3A-DBBEE05ABD9E}.Debug|Any CPU.Build.0 = Debug|Any CPU
		{6BB11794-937B-473E-9E3A-DBBEE05ABD9E}.Release|Any CPU.ActiveCfg = Release|Any CPU
		{6BB11794-937B-473E-9E3A-DBBEE05ABD9E}.Release|Any CPU.Build.0 = Release|Any CPU
		{E4D530FC-2482-4013-B9E3-191E94CEB6E7}.Debug|Any CPU.ActiveCfg = Debug|Any CPU
		{E4D530FC-2482-4013-B9E3-191E94CEB6E7}.Debug|Any CPU.Build.0 = Debug|Any CPU
		{E4D530FC-2482-4013-B9E3-191E94CEB6E7}.Release|Any CPU.ActiveCfg = Release|Any CPU
		{E4D530FC-2482-4013-B9E3-191E94CEB6E7}.Release|Any CPU.Build.0 = Release|Any CPU
	EndGlobalSection
	GlobalSection(SolutionProperties) = preSolution
		HideSolutionNode = FALSE
	EndGlobalSection
	GlobalSection(ExtensibilityGlobals) = postSolution
		SolutionGuid = {62955116-43F3-4A25-9547-FBABEC1EA5C8}
	EndGlobalSection
EndGlobal
